
Microsoft Visual Studio Solution File, Format Version 12.00
# Visual Studio Version 17
VisualStudioVersion = 17.11.35312.102
MinimumVisualStudioVersion = 10.0.40219.1
Project("{FAE04EC0-301F-11D3-BF4B-00C04F79EFBC}") = "task1", "ConsoleApp1\task1.csproj", "{935C9BE2-A90E-4DB8-BF38-B02820527651}"
EndProject
Project("{FAE04EC0-301F-11D3-BF4B-00C04F79EFBC}") = "task2", "task2\task2.csproj", "{0425528E-E993-441E-8CC7-2E59BFF80107}"
EndProject
Project("{FAE04EC0-301F-11D3-BF4B-00C04F79EFBC}") = "task3", "task3\task3.csproj", "{941394B9-4C2A-401D-8730-8DF9649CF3B4}"
EndProject
Global
	GlobalSection(SolutionConfigurationPlatforms) = preSolution
		Debug|Any CPU = Debug|Any CPU
		Release|Any CPU = Release|Any CPU
	EndGlobalSection
	GlobalSection(ProjectConfigurationPlatforms) = postSolution
		{935C9BE2-A90E-4DB8-BF38-B02820527651}.Debug|Any CPU.ActiveCfg = Debug|Any CPU
		{935C9BE2-A90E-4DB8-BF38-B02820527651}.Debug|Any CPU.Build.0 = Debug|Any CPU
		{935C9BE2-A90E-4DB8-BF38-B02820527651}.Release|Any CPU.ActiveCfg = Release|Any CPU
		{935C9BE2-A90E-4DB8-BF38-B02820527651}.Release|Any CPU.Build.0 = Release|Any CPU
		{0425528E-E993-441E-8CC7-2E59BFF80107}.Debug|Any CPU.ActiveCfg = Debug|Any CPU
		{0425528E-E993-441E-8CC7-2E59BFF80107}.Debug|Any CPU.Build.0 = Debug|Any CPU
		{0425528E-E993-441E-8CC7-2E59BFF80107}.Release|Any CPU.ActiveCfg = Release|Any CPU
		{0425528E-E993-441E-8CC7-2E59BFF80107}.Release|Any CPU.Build.0 = Release|Any CPU
		{941394B9-4C2A-401D-8730-8DF9649CF3B4}.Debug|Any CPU.ActiveCfg = Debug|Any CPU
		{941394B9-4C2A-401D-8730-8DF9649CF3B4}.Debug|Any CPU.Build.0 = Debug|Any CPU
		{941394B9-4C2A-401D-8730-8DF9649CF3B4}.Release|Any CPU.ActiveCfg = Release|Any CPU
		{941394B9-4C2A-401D-8730-8DF9649CF3B4}.Release|Any CPU.Build.0 = Release|Any CPU
	EndGlobalSection
	GlobalSection(SolutionProperties) = preSolution
		HideSolutionNode = FALSE
	EndGlobalSection
	GlobalSection(ExtensibilityGlobals) = postSolution
		SolutionGuid = {4EF81D83-F14F-4354-A213-94D3E7C03F32}
	EndGlobalSection
EndGlobal
